
Microsoft Visual Studio Solution File, Format Version 12.00
# Visual Studio Version 17
VisualStudioVersion = 17.11.35208.52
MinimumVisualStudioVersion = 10.0.40219.1
Project("{9A19103F-16F7-4668-BE54-9A1E7A4F7556}") = "SpendLess", "SpendLess\SpendLess.csproj", "{65D2EBA4-A0A7-4BC3-A734-64F27C7ABD51}"
EndProject
Project("{9A19103F-16F7-4668-BE54-9A1E7A4F7556}") = "SpendLess.Core", "SpendLess.Core\SpendLess.Core.csproj", "{C527E2B4-8F53-4204-A9F5-96EE7E34CE49}"
EndProject
Project("{9A19103F-16F7-4668-BE54-9A1E7A4F7556}") = "SpendLess.Persistence", "SpendLess.Persistence\SpendLess.Persistence.csproj", "{5DCD3979-6DBB-49B9-9876-396D085ACF87}"
EndProject
Project("{9A19103F-16F7-4668-BE54-9A1E7A4F7556}") = "SpendLess.Domain", "SpendLess.Domain\SpendLess.Domain.csproj", "{94EFD66D-0BA5-474E-8762-5C32860C0CF2}"
EndProject
Project("{2150E333-8FDC-42A3-9474-1A3956D46DE8}") = "Solution Items", "Solution Items", "{7FCA5E04-3D82-4C6D-92AE-810D3BACD1D3}"
	ProjectSection(SolutionItems) = preProject
		.editorconfig = .editorconfig
	EndProjectSection
EndProject
Project("{FAE04EC0-301F-11D3-BF4B-00C04F79EFBC}") = "SpendLess.UI", "SpendLess.UI\SpendLess.UI.csproj", "{3691774B-B5EE-4A2D-B2FB-FB49A416D80C}"
EndProject
Project("{FAE04EC0-301F-11D3-BF4B-00C04F79EFBC}") = "SpendLess.UI.Shared", "SpendLess.UI.Shared\SpendLess.UI.Shared.csproj", "{E109C23A-5320-435B-9D5F-65E82E877F30}"
EndProject
Project("{FAE04EC0-301F-11D3-BF4B-00C04F79EFBC}") = "SpendLess.Api", "SpendLess.Api\SpendLess.Api.csproj", "{012FB656-0031-44FB-8B63-74C669588435}"
EndProject
Global
	GlobalSection(SolutionConfigurationPlatforms) = preSolution
		Debug|Any CPU = Debug|Any CPU
		Release|Any CPU = Release|Any CPU
	EndGlobalSection
	GlobalSection(ProjectConfigurationPlatforms) = postSolution
		{65D2EBA4-A0A7-4BC3-A734-64F27C7ABD51}.Debug|Any CPU.ActiveCfg = Debug|Any CPU
		{65D2EBA4-A0A7-4BC3-A734-64F27C7ABD51}.Debug|Any CPU.Build.0 = Debug|Any CPU
		{65D2EBA4-A0A7-4BC3-A734-64F27C7ABD51}.Release|Any CPU.ActiveCfg = Release|Any CPU
		{65D2EBA4-A0A7-4BC3-A734-64F27C7ABD51}.Release|Any CPU.Build.0 = Release|Any CPU
		{C527E2B4-8F53-4204-A9F5-96EE7E34CE49}.Debug|Any CPU.ActiveCfg = Debug|Any CPU
		{C527E2B4-8F53-4204-A9F5-96EE7E34CE49}.Debug|Any CPU.Build.0 = Debug|Any CPU
		{C527E2B4-8F53-4204-A9F5-96EE7E34CE49}.Release|Any CPU.ActiveCfg = Release|Any CPU
		{C527E2B4-8F53-4204-A9F5-96EE7E34CE49}.Release|Any CPU.Build.0 = Release|Any CPU
		{5DCD3979-6DBB-49B9-9876-396D085ACF87}.Debug|Any CPU.ActiveCfg = Debug|Any CPU
		{5DCD3979-6DBB-49B9-9876-396D085ACF87}.Debug|Any CPU.Build.0 = Debug|Any CPU
		{5DCD3979-6DBB-49B9-9876-396D085ACF87}.Release|Any CPU.ActiveCfg = Release|Any CPU
		{5DCD3979-6DBB-49B9-9876-396D085ACF87}.Release|Any CPU.Build.0 = Release|Any CPU
		{94EFD66D-0BA5-474E-8762-5C32860C0CF2}.Debug|Any CPU.ActiveCfg = Debug|Any CPU
		{94EFD66D-0BA5-474E-8762-5C32860C0CF2}.Debug|Any CPU.Build.0 = Debug|Any CPU
		{94EFD66D-0BA5-474E-8762-5C32860C0CF2}.Release|Any CPU.ActiveCfg = Release|Any CPU
		{94EFD66D-0BA5-474E-8762-5C32860C0CF2}.Release|Any CPU.Build.0 = Release|Any CPU
		{3691774B-B5EE-4A2D-B2FB-FB49A416D80C}.Debug|Any CPU.ActiveCfg = Debug|Any CPU
		{3691774B-B5EE-4A2D-B2FB-FB49A416D80C}.Debug|Any CPU.Build.0 = Debug|Any CPU
		{3691774B-B5EE-4A2D-B2FB-FB49A416D80C}.Release|Any CPU.ActiveCfg = Release|Any CPU
		{3691774B-B5EE-4A2D-B2FB-FB49A416D80C}.Release|Any CPU.Build.0 = Release|Any CPU
		{E109C23A-5320-435B-9D5F-65E82E877F30}.Debug|Any CPU.ActiveCfg = Debug|Any CPU
		{E109C23A-5320-435B-9D5F-65E82E877F30}.Debug|Any CPU.Build.0 = Debug|Any CPU
		{E109C23A-5320-435B-9D5F-65E82E877F30}.Release|Any CPU.ActiveCfg = Release|Any CPU
		{E109C23A-5320-435B-9D5F-65E82E877F30}.Release|Any CPU.Build.0 = Release|Any CPU
		{012FB656-0031-44FB-8B63-74C669588435}.Debug|Any CPU.ActiveCfg = Debug|Any CPU
		{012FB656-0031-44FB-8B63-74C669588435}.Debug|Any CPU.Build.0 = Debug|Any CPU
		{012FB656-0031-44FB-8B63-74C669588435}.Release|Any CPU.ActiveCfg = Release|Any CPU
		{012FB656-0031-44FB-8B63-74C669588435}.Release|Any CPU.Build.0 = Release|Any CPU
	EndGlobalSection
	GlobalSection(SolutionProperties) = preSolution
		HideSolutionNode = FALSE
	EndGlobalSection
	GlobalSection(ExtensibilityGlobals) = postSolution
		SolutionGuid = {A1D9CBA6-6DC7-4A8D-BD18-E333E8649D41}
	EndGlobalSection
EndGlobal
